dependencies:
  esp_wifi_config:
    dependencies: []
    source:
      path: /Users/jbeeler/VSCodeProjects/esp_wifi_config
      type: local
    version: 0.1.0
  idf:
    source:
      type: idf
    version: 5.4.3
  thorrak/esp_bus:
    component_hash: 605ccb6d50f533093df2ebae17cf82e21d79d3e2f1add5afe2c78e9620ab94a0
    dependencies:
    - name: idf
      require: private
      version: '>=5.0'
    source:
      registry_url: https://components.espressif.com/
      type: service
    targets:
    - esp32
    - esp32s2
    - esp32s3
    - esp32c2
    - esp32c3
    - esp32c6
    - esp32h2
    version: 1.0.3
direct_dependencies:
- esp_wifi_config
- idf
- thorrak/esp_bus
manifest_hash: 417525f6297dc6d938761f8056d7903e0e58eb4856487ca649ca53a00ecd9170
target: esp32s3
version: 2.0.0
